// !$*UTF8*$!
{
	archiveVersion = 1;
	classes = {
	};
	objectVersion = 56;
	objects = {

/* Begin PBXBuildFile section */
		A11022C32B060A43004CFCAD /* beer_appApp.swift in Sources */ = {isa = PBXBuildFile; fileRef = A11022C22B060A43004CFCAD /* beer_appApp.swift */; };
		A11022C72B060A44004CFCAD /* Assets.xcassets in Resources */ = {isa = PBXBuildFile; fileRef = A11022C62B060A44004CFCAD /* Assets.xcassets */; };
		A11022CA2B060A44004CFCAD /* Preview Assets.xcassets in Resources */ = {isa = PBXBuildFile; fileRef = A11022C92B060A44004CFCAD /* Preview Assets.xcassets */; };
		A11022D42B060E5E004CFCAD /* BeerOverviewListView.swift in Sources */ = {isa = PBXBuildFile; fileRef = A11022D32B060E5E004CFCAD /* BeerOverviewListView.swift */; };
		A11022D72B060E71004CFCAD /* BeerCellView.swift in Sources */ = {isa = PBXBuildFile; fileRef = A11022D62B060E71004CFCAD /* BeerCellView.swift */; };
		A11022DA2B060E88004CFCAD /* BeerModel.swift in Sources */ = {isa = PBXBuildFile; fileRef = A11022D92B060E88004CFCAD /* BeerModel.swift */; };
		A11022DF2B0611F3004CFCAD /* BeerService.swift in Sources */ = {isa = PBXBuildFile; fileRef = A11022DE2B0611F3004CFCAD /* BeerService.swift */; };
		A11022E12B06136C004CFCAD /* BeerServer.swift in Sources */ = {isa = PBXBuildFile; fileRef = A11022E02B06136C004CFCAD /* BeerServer.swift */; };
		A11022E72B06150A004CFCAD /* URL+BeerRoot.swift in Sources */ = {isa = PBXBuildFile; fileRef = A11022E62B06150A004CFCAD /* URL+BeerRoot.swift */; };
		A11022EA2B061850004CFCAD /* BeerOverviewListViewModel.swift in Sources */ = {isa = PBXBuildFile; fileRef = A11022E92B061850004CFCAD /* BeerOverviewListViewModel.swift */; };
		A11022EC2B06196B004CFCAD /* Router.swift in Sources */ = {isa = PBXBuildFile; fileRef = A11022EB2B06196B004CFCAD /* Router.swift */; };
		A11022EE2B061A6D004CFCAD /* BeerDetailView.swift in Sources */ = {isa = PBXBuildFile; fileRef = A11022ED2B061A6D004CFCAD /* BeerDetailView.swift */; };
		A11022F02B061BB5004CFCAD /* Beer+Mock.swift in Sources */ = {isa = PBXBuildFile; fileRef = A11022EF2B061BB5004CFCAD /* Beer+Mock.swift */; };
		A11022F22B061D62004CFCAD /* Constants.swift in Sources */ = {isa = PBXBuildFile; fileRef = A11022F12B061D62004CFCAD /* Constants.swift */; };
		A11022F42B068429004CFCAD /* BeerMockService.swift in Sources */ = {isa = PBXBuildFile; fileRef = A11022F32B068429004CFCAD /* BeerMockService.swift */; };
		A11022F62B068435004CFCAD /* BeerServiceProtocol.swift in Sources */ = {isa = PBXBuildFile; fileRef = A11022F52B068435004CFCAD /* BeerServiceProtocol.swift */; };
		A11022F82B068464004CFCAD /* BeerServerProtocol.swift in Sources */ = {isa = PBXBuildFile; fileRef = A11022F72B068464004CFCAD /* BeerServerProtocol.swift */; };
		A11022FA2B06848B004CFCAD /* BeerMockServer.swift in Sources */ = {isa = PBXBuildFile; fileRef = A11022F92B06848B004CFCAD /* BeerMockServer.swift */; };
		A11022FD2B0684D1004CFCAD /* MockData.json in Resources */ = {isa = PBXBuildFile; fileRef = A11022FC2B0684D1004CFCAD /* MockData.json */; };
		A11023002B068788004CFCAD /* BeerTabBarView.swift in Sources */ = {isa = PBXBuildFile; fileRef = A11022FF2B068788004CFCAD /* BeerTabBarView.swift */; };
		A11023052B068ADF004CFCAD /* SingleMockData.json in Resources */ = {isa = PBXBuildFile; fileRef = A11023042B068ADF004CFCAD /* SingleMockData.json */; };
		A13169252B08402A003A4018 /* Defaults in Frameworks */ = {isa = PBXBuildFile; productRef = A13169242B08402A003A4018 /* Defaults */; };
		A1B6A6742B069F4F00F70572 /* BeerFavoriteListView.swift in Sources */ = {isa = PBXBuildFile; fileRef = A1B6A6732B069F4F00F70572 /* BeerFavoriteListView.swift */; };
		A1B6A6762B069F6400F70572 /* BeerFavoriteViewModel.swift in Sources */ = {isa = PBXBuildFile; fileRef = A1B6A6752B069F6400F70572 /* BeerFavoriteViewModel.swift */; };
		A1EFD5842B08416600116AE0 /* Defaults+Keys.swift in Sources */ = {isa = PBXBuildFile; fileRef = A1EFD5832B08416600116AE0 /* Defaults+Keys.swift */; };
		A1EFD5872B0844C300116AE0 /* Kingfisher in Frameworks */ = {isa = PBXBuildFile; productRef = A1EFD5862B0844C300116AE0 /* Kingfisher */; };
		A1EFD5892B084C8700116AE0 /* Image+Fit.swift in Sources */ = {isa = PBXBuildFile; fileRef = A1EFD5882B084C8700116AE0 /* Image+Fit.swift */; };
/* End PBXBuildFile section */

/* Begin PBXFileReference section */
		A11022BF2B060A43004CFCAD /* beer-app.app */ = {isa = PBXFileReference; explicitFileType = wrapper.application; includeInIndex = 0; path = "beer-app.app"; sourceTree = BUILT_PRODUCTS_DIR; };
		A11022C22B060A43004CFCAD /* beer_appApp.swift */ = {isa = PBXFileReference; lastKnownFileType = sourcecode.swift; path = beer_appApp.swift; sourceTree = "<group>"; };
		A11022C62B060A44004CFCAD /* Assets.xcassets */ = {isa = PBXFileReference; lastKnownFileType = folder.assetcatalog; path = Assets.xcassets; sourceTree = "<group>"; };
		A11022C92B060A44004CFCAD /* Preview Assets.xcassets */ = {isa = PBXFileReference; lastKnownFileType = folder.assetcatalog; path = "Preview Assets.xcassets"; sourceTree = "<group>"; };
		A11022D32B060E5E004CFCAD /* BeerOverviewListView.swift */ = {isa = PBXFileReference; lastKnownFileType = sourcecode.swift; path = BeerOverviewListView.swift; sourceTree = "<group>"; };
		A11022D62B060E71004CFCAD /* BeerCellView.swift */ = {isa = PBXFileReference; lastKnownFileType = sourcecode.swift; path = BeerCellView.swift; sourceTree = "<group>"; };
		A11022D92B060E88004CFCAD /* BeerModel.swift */ = {isa = PBXFileReference; lastKnownFileType = sourcecode.swift; path = BeerModel.swift; sourceTree = "<group>"; };
		A11022DE2B0611F3004CFCAD /* BeerService.swift */ = {isa = PBXFileReference; lastKnownFileType = sourcecode.swift; path = BeerService.swift; sourceTree = "<group>"; };
		A11022E02B06136C004CFCAD /* BeerServer.swift */ = {isa = PBXFileReference; lastKnownFileType = sourcecode.swift; path = BeerServer.swift; sourceTree = "<group>"; };
		A11022E62B06150A004CFCAD /* URL+BeerRoot.swift */ = {isa = PBXFileReference; lastKnownFileType = sourcecode.swift; path = "URL+BeerRoot.swift"; sourceTree = "<group>"; };
		A11022E92B061850004CFCAD /* BeerOverviewListViewModel.swift */ = {isa = PBXFileReference; lastKnownFileType = sourcecode.swift; path = BeerOverviewListViewModel.swift; sourceTree = "<group>"; };
		A11022EB2B06196B004CFCAD /* Router.swift */ = {isa = PBXFileReference; lastKnownFileType = sourcecode.swift; path = Router.swift; sourceTree = "<group>"; };
		A11022ED2B061A6D004CFCAD /* BeerDetailView.swift */ = {isa = PBXFileReference; lastKnownFileType = sourcecode.swift; path = BeerDetailView.swift; sourceTree = "<group>"; };
		A11022EF2B061BB5004CFCAD /* Beer+Mock.swift */ = {isa = PBXFileReference; lastKnownFileType = sourcecode.swift; path = "Beer+Mock.swift"; sourceTree = "<group>"; };
		A11022F12B061D62004CFCAD /* Constants.swift */ = {isa = PBXFileReference; lastKnownFileType = sourcecode.swift; path = Constants.swift; sourceTree = "<group>"; };
		A11022F32B068429004CFCAD /* BeerMockService.swift */ = {isa = PBXFileReference; lastKnownFileType = sourcecode.swift; path = BeerMockService.swift; sourceTree = "<group>"; };
		A11022F52B068435004CFCAD /* BeerServiceProtocol.swift */ = {isa = PBXFileReference; lastKnownFileType = sourcecode.swift; path = BeerServiceProtocol.swift; sourceTree = "<group>"; };
		A11022F72B068464004CFCAD /* BeerServerProtocol.swift */ = {isa = PBXFileReference; lastKnownFileType = sourcecode.swift; path = BeerServerProtocol.swift; sourceTree = "<group>"; };
		A11022F92B06848B004CFCAD /* BeerMockServer.swift */ = {isa = PBXFileReference; lastKnownFileType = sourcecode.swift; path = BeerMockServer.swift; sourceTree = "<group>"; };
		A11022FC2B0684D1004CFCAD /* MockData.json */ = {isa = PBXFileReference; lastKnownFileType = text.json; path = MockData.json; sourceTree = "<group>"; };
		A11022FF2B068788004CFCAD /* BeerTabBarView.swift */ = {isa = PBXFileReference; lastKnownFileType = sourcecode.swift; path = BeerTabBarView.swift; sourceTree = "<group>"; };
		A11023042B068ADF004CFCAD /* SingleMockData.json */ = {isa = PBXFileReference; lastKnownFileType = text.json; path = SingleMockData.json; sourceTree = "<group>"; };
		A1B6A6732B069F4F00F70572 /* BeerFavoriteListView.swift */ = {isa = PBXFileReference; lastKnownFileType = sourcecode.swift; path = BeerFavoriteListView.swift; sourceTree = "<group>"; };
		A1B6A6752B069F6400F70572 /* BeerFavoriteViewModel.swift */ = {isa = PBXFileReference; lastKnownFileType = sourcecode.swift; path = BeerFavoriteViewModel.swift; sourceTree = "<group>"; };
		A1EFD5832B08416600116AE0 /* Defaults+Keys.swift */ = {isa = PBXFileReference; lastKnownFileType = sourcecode.swift; path = "Defaults+Keys.swift"; sourceTree = "<group>"; };
		A1EFD5882B084C8700116AE0 /* Image+Fit.swift */ = {isa = PBXFileReference; lastKnownFileType = sourcecode.swift; path = "Image+Fit.swift"; sourceTree = "<group>"; };
/* End PBXFileReference section */

/* Begin PBXFrameworksBuildPhase section */
		A11022BC2B060A43004CFCAD /* Frameworks */ = {
			isa = PBXFrameworksBuildPhase;
			buildActionMask = 2147483647;
			files = (
				A1EFD5872B0844C300116AE0 /* Kingfisher in Frameworks */,
				A13169252B08402A003A4018 /* Defaults in Frameworks */,
			);
			runOnlyForDeploymentPostprocessing = 0;
		};
/* End PBXFrameworksBuildPhase section */

/* Begin PBXGroup section */
		A11022B62B060A43004CFCAD = {
			isa = PBXGroup;
			children = (
				A11022C12B060A43004CFCAD /* beer-app */,
				A11022C02B060A43004CFCAD /* Products */,
			);
			sourceTree = "<group>";
		};
		A11022C02B060A43004CFCAD /* Products */ = {
			isa = PBXGroup;
			children = (
				A11022BF2B060A43004CFCAD /* beer-app.app */,
			);
			name = Products;
			sourceTree = "<group>";
		};
		A11022C12B060A43004CFCAD /* beer-app */ = {
			isa = PBXGroup;
			children = (
				A11022DC2B061168004CFCAD /* Presentation */,
				A11022D82B060E78004CFCAD /* Model */,
				A11022DD2B0611A4004CFCAD /* Service */,
				A11022DB2B06113D004CFCAD /* Server */,
				A1EFD5822B08413100116AE0 /* Extensions */,
				A11022C22B060A43004CFCAD /* beer_appApp.swift */,
				A11022EB2B06196B004CFCAD /* Router.swift */,
				A11022F12B061D62004CFCAD /* Constants.swift */,
				A11022C62B060A44004CFCAD /* Assets.xcassets */,
				A11022C82B060A44004CFCAD /* Preview Content */,
			);
			path = "beer-app";
			sourceTree = "<group>";
		};
		A11022C82B060A44004CFCAD /* Preview Content */ = {
			isa = PBXGroup;
			children = (
				A11022C92B060A44004CFCAD /* Preview Assets.xcassets */,
			);
			path = "Preview Content";
			sourceTree = "<group>";
		};
		A11022D02B060DDC004CFCAD /* BeerOverviewList */ = {
			isa = PBXGroup;
			children = (
				A11022D32B060E5E004CFCAD /* BeerOverviewListView.swift */,
				A11022E92B061850004CFCAD /* BeerOverviewListViewModel.swift */,
			);
			path = BeerOverviewList;
			sourceTree = "<group>";
		};
		A11022D12B060DED004CFCAD /* BeerDetail */ = {
			isa = PBXGroup;
			children = (
				A11022ED2B061A6D004CFCAD /* BeerDetailView.swift */,
			);
			path = BeerDetail;
			sourceTree = "<group>";
		};
		A11022D82B060E78004CFCAD /* Model */ = {
			isa = PBXGroup;
			children = (
				A11022D92B060E88004CFCAD /* BeerModel.swift */,
				A11022EF2B061BB5004CFCAD /* Beer+Mock.swift */,
			);
			path = Model;
			sourceTree = "<group>";
		};
		A11022DB2B06113D004CFCAD /* Server */ = {
			isa = PBXGroup;
			children = (
				A11022FB2B0684AF004CFCAD /* MockData */,
				A11022F72B068464004CFCAD /* BeerServerProtocol.swift */,
				A11022E02B06136C004CFCAD /* BeerServer.swift */,
				A11022F92B06848B004CFCAD /* BeerMockServer.swift */,
			);
			path = Server;
			sourceTree = "<group>";
		};
		A11022DC2B061168004CFCAD /* Presentation */ = {
			isa = PBXGroup;
			children = (
				A1B6A6772B06A77400F70572 /* BeerLists */,
				A11023012B0688A2004CFCAD /* BeerCell */,
				A11022FE2B068778004CFCAD /* BeerTabBar */,
				A11022D12B060DED004CFCAD /* BeerDetail */,
			);
			path = Presentation;
			sourceTree = "<group>";
		};
		A11022DD2B0611A4004CFCAD /* Service */ = {
			isa = PBXGroup;
			children = (
				A11022F52B068435004CFCAD /* BeerServiceProtocol.swift */,
				A11022DE2B0611F3004CFCAD /* BeerService.swift */,
				A11022F32B068429004CFCAD /* BeerMockService.swift */,
			);
			path = Service;
			sourceTree = "<group>";
		};
		A11022FB2B0684AF004CFCAD /* MockData */ = {
			isa = PBXGroup;
			children = (
				A11022FC2B0684D1004CFCAD /* MockData.json */,
				A11023042B068ADF004CFCAD /* SingleMockData.json */,
			);
			path = MockData;
			sourceTree = "<group>";
		};
		A11022FE2B068778004CFCAD /* BeerTabBar */ = {
			isa = PBXGroup;
			children = (
				A11022FF2B068788004CFCAD /* BeerTabBarView.swift */,
			);
			path = BeerTabBar;
			sourceTree = "<group>";
		};
		A11023012B0688A2004CFCAD /* BeerCell */ = {
			isa = PBXGroup;
			children = (
				A11022D62B060E71004CFCAD /* BeerCellView.swift */,
			);
			path = BeerCell;
			sourceTree = "<group>";
		};
		A1B6A6722B069F3200F70572 /* BeerFavoriteList */ = {
			isa = PBXGroup;
			children = (
				A1B6A6732B069F4F00F70572 /* BeerFavoriteListView.swift */,
				A1B6A6752B069F6400F70572 /* BeerFavoriteViewModel.swift */,
			);
			path = BeerFavoriteList;
			sourceTree = "<group>";
		};
		A1B6A6772B06A77400F70572 /* BeerLists */ = {
			isa = PBXGroup;
			children = (
				A1B6A6722B069F3200F70572 /* BeerFavoriteList */,
				A11022D02B060DDC004CFCAD /* BeerOverviewList */,
			);
			path = BeerLists;
			sourceTree = "<group>";
		};
		A1EFD5822B08413100116AE0 /* Extensions */ = {
			isa = PBXGroup;
			children = (
				A11022E62B06150A004CFCAD /* URL+BeerRoot.swift */,
				A1EFD5832B08416600116AE0 /* Defaults+Keys.swift */,
				A1EFD5882B084C8700116AE0 /* Image+Fit.swift */,
			);
			path = Extensions;
			sourceTree = "<group>";
		};
/* End PBXGroup section */

/* Begin PBXNativeTarget section */
		A11022BE2B060A43004CFCAD /* beer-app */ = {
			isa = PBXNativeTarget;
			buildConfigurationList = A11022CD2B060A44004CFCAD /* Build configuration list for PBXNativeTarget "beer-app" */;
			buildPhases = (
				A11022BB2B060A43004CFCAD /* Sources */,
				A11022BC2B060A43004CFCAD /* Frameworks */,
				A11022BD2B060A43004CFCAD /* Resources */,
			);
			buildRules = (
			);
			dependencies = (
			);
			name = "beer-app";
			packageProductDependencies = (
				A13169242B08402A003A4018 /* Defaults */,
				A1EFD5862B0844C300116AE0 /* Kingfisher */,
			);
			productName = "beer-app";
			productReference = A11022BF2B060A43004CFCAD /* beer-app.app */;
			productType = "com.apple.product-type.application";
		};
/* End PBXNativeTarget section */

/* Begin PBXProject section */
		A11022B72B060A43004CFCAD /* Project object */ = {
			isa = PBXProject;
			attributes = {
				BuildIndependentTargetsInParallel = 1;
				LastSwiftUpdateCheck = 1430;
				LastUpgradeCheck = 1430;
				TargetAttributes = {
					A11022BE2B060A43004CFCAD = {
						CreatedOnToolsVersion = 14.3.1;
					};
				};
			};
			buildConfigurationList = A11022BA2B060A43004CFCAD /* Build configuration list for PBXProject "beer-app" */;
			compatibilityVersion = "Xcode 14.0";
			developmentRegion = en;
			hasScannedForEncodings = 0;
			knownRegions = (
				en,
				Base,
			);
			mainGroup = A11022B62B060A43004CFCAD;
			packageReferences = (
				A13169232B08402A003A4018 /* XCRemoteSwiftPackageReference "Defaults" */,
				A1EFD5852B0844C300116AE0 /* XCRemoteSwiftPackageReference "Kingfisher" */,
			);
			productRefGroup = A11022C02B060A43004CFCAD /* Products */;
			projectDirPath = "";
			projectRoot = "";
			targets = (
				A11022BE2B060A43004CFCAD /* beer-app */,
			);
		};
/* End PBXProject section */

/* Begin PBXResourcesBuildPhase section */
		A11022BD2B060A43004CFCAD /* Resources */ = {
			isa = PBXResourcesBuildPhase;
			buildActionMask = 2147483647;
			files = (
				A11022CA2B060A44004CFCAD /* Preview Assets.xcassets in Resources */,
				A11023052B068ADF004CFCAD /* SingleMockData.json in Resources */,
				A11022C72B060A44004CFCAD /* Assets.xcassets in Resources */,
				A11022FD2B0684D1004CFCAD /* MockData.json in Resources */,
			);
			runOnlyForDeploymentPostprocessing = 0;
		};
/* End PBXResourcesBuildPhase section */

/* Begin PBXSourcesBuildPhase section */
		A11022BB2B060A43004CFCAD /* Sources */ = {
			isa = PBXSourcesBuildPhase;
			buildActionMask = 2147483647;
			files = (
				A11022D72B060E71004CFCAD /* BeerCellView.swift in Sources */,
				A11022F02B061BB5004CFCAD /* Beer+Mock.swift in Sources */,
				A1B6A6742B069F4F00F70572 /* BeerFavoriteListView.swift in Sources */,
				A11022EC2B06196B004CFCAD /* Router.swift in Sources */,
				A11022C32B060A43004CFCAD /* beer_appApp.swift in Sources */,
				A11022DA2B060E88004CFCAD /* BeerModel.swift in Sources */,
				A11022EE2B061A6D004CFCAD /* BeerDetailView.swift in Sources */,
				A1EFD5892B084C8700116AE0 /* Image+Fit.swift in Sources */,
				A11022E12B06136C004CFCAD /* BeerServer.swift in Sources */,
				A11022F82B068464004CFCAD /* BeerServerProtocol.swift in Sources */,
				A11022EA2B061850004CFCAD /* BeerOverviewListViewModel.swift in Sources */,
				A11022D42B060E5E004CFCAD /* BeerOverviewListView.swift in Sources */,
				A11022DF2B0611F3004CFCAD /* BeerService.swift in Sources */,
				A1B6A6762B069F6400F70572 /* BeerFavoriteViewModel.swift in Sources */,
				A1EFD5842B08416600116AE0 /* Defaults+Keys.swift in Sources */,
				A11023002B068788004CFCAD /* BeerTabBarView.swift in Sources */,
				A11022E72B06150A004CFCAD /* URL+BeerRoot.swift in Sources */,
				A11022F62B068435004CFCAD /* BeerServiceProtocol.swift in Sources */,
				A11022F22B061D62004CFCAD /* Constants.swift in Sources */,
				A11022FA2B06848B004CFCAD /* BeerMockServer.swift in Sources */,
				A11022F42B068429004CFCAD /* BeerMockService.swift in Sources */,
			);
			runOnlyForDeploymentPostprocessing = 0;
		};
/* End PBXSourcesBuildPhase section */

/* Begin XCBuildConfiguration section */
		A11022CB2B060A44004CFCAD /* Debug */ = {
			isa = XCBuildConfiguration;
			buildSettings = {
				ALWAYS_SEARCH_USER_PATHS = NO;
				CLANG_ANALYZER_NONNULL = YES;
				CLANG_ANALYZER_NUMBER_OBJECT_CONVERSION = YES_AGGRESSIVE;
				CLANG_CXX_LANGUAGE_STANDARD = "gnu++20";
				CLANG_ENABLE_MODULES = YES;
				CLANG_ENABLE_OBJC_ARC = YES;
				CLANG_ENABLE_OBJC_WEAK = YES;
				CLANG_WARN_BLOCK_CAPTURE_AUTORELEASING = YES;
				CLANG_WARN_BOOL_CONVERSION = YES;
				CLANG_WARN_COMMA = YES;
				CLANG_WARN_CONSTANT_CONVERSION = YES;
				CLANG_WARN_DEPRECATED_OBJC_IMPLEMENTATIONS = YES;
				CLANG_WARN_DIRECT_OBJC_ISA_USAGE = YES_ERROR;
				CLANG_WARN_DOCUMENTATION_COMMENTS = YES;
				CLANG_WARN_EMPTY_BODY = YES;
				CLANG_WARN_ENUM_CONVERSION = YES;
				CLANG_WARN_INFINITE_RECURSION = YES;
				CLANG_WARN_INT_CONVERSION = YES;
				CLANG_WARN_NON_LITERAL_NULL_CONVERSION = YES;
				CLANG_WARN_OBJC_IMPLICIT_RETAIN_SELF = YES;
				CLANG_WARN_OBJC_LITERAL_CONVERSION = YES;
				CLANG_WARN_OBJC_ROOT_CLASS = YES_ERROR;
				CLANG_WARN_QUOTED_INCLUDE_IN_FRAMEWORK_HEADER = YES;
				CLANG_WARN_RANGE_LOOP_ANALYSIS = YES;
				CLANG_WARN_STRICT_PROTOTYPES = YES;
				CLANG_WARN_SUSPICIOUS_MOVE = YES;
				CLANG_WARN_UNGUARDED_AVAILABILITY = YES_AGGRESSIVE;
				CLANG_WARN_UNREACHABLE_CODE = YES;
				CLANG_WARN__DUPLICATE_METHOD_MATCH = YES;
				COPY_PHASE_STRIP = NO;
				DEBUG_INFORMATION_FORMAT = dwarf;
				ENABLE_STRICT_OBJC_MSGSEND = YES;
				ENABLE_TESTABILITY = YES;
				GCC_C_LANGUAGE_STANDARD = gnu11;
				GCC_DYNAMIC_NO_PIC = NO;
				GCC_NO_COMMON_BLOCKS = YES;
				GCC_OPTIMIZATION_LEVEL = 0;
				GCC_PREPROCESSOR_DEFINITIONS = (
					"DEBUG=1",
					"$(inherited)",
				);
				GCC_WARN_64_TO_32_BIT_CONVERSION = YES;
				GCC_WARN_ABOUT_RETURN_TYPE = YES_ERROR;
				GCC_WARN_UNDECLARED_SELECTOR = YES;
				GCC_WARN_UNINITIALIZED_AUTOS = YES_AGGRESSIVE;
				GCC_WARN_UNUSED_FUNCTION = YES;
				GCC_WARN_UNUSED_VARIABLE = YES;
				IPHONEOS_DEPLOYMENT_TARGET = 16.4;
				MTL_ENABLE_DEBUG_INFO = INCLUDE_SOURCE;
				MTL_FAST_MATH = YES;
				ONLY_ACTIVE_ARCH = YES;
				SDKROOT = iphoneos;
				SWIFT_ACTIVE_COMPILATION_CONDITIONS = DEBUG;
				SWIFT_OPTIMIZATION_LEVEL = "-Onone";
			};
			name = Debug;
		};
		A11022CC2B060A44004CFCAD /* Release */ = {
			isa = XCBuildConfiguration;
			buildSettings = {
				ALWAYS_SEARCH_USER_PATHS = NO;
				CLANG_ANALYZER_NONNULL = YES;
				CLANG_ANALYZER_NUMBER_OBJECT_CONVERSION = YES_AGGRESSIVE;
				CLANG_CXX_LANGUAGE_STANDARD = "gnu++20";
				CLANG_ENABLE_MODULES = YES;
				CLANG_ENABLE_OBJC_ARC = YES;
				CLANG_ENABLE_OBJC_WEAK = YES;
				CLANG_WARN_BLOCK_CAPTURE_AUTORELEASING = YES;
				CLANG_WARN_BOOL_CONVERSION = YES;
				CLANG_WARN_COMMA = YES;
				CLANG_WARN_CONSTANT_CONVERSION = YES;
				CLANG_WARN_DEPRECATED_OBJC_IMPLEMENTATIONS = YES;
				CLANG_WARN_DIRECT_OBJC_ISA_USAGE = YES_ERROR;
				CLANG_WARN_DOCUMENTATION_COMMENTS = YES;
				CLANG_WARN_EMPTY_BODY = YES;
				CLANG_WARN_ENUM_CONVERSION = YES;
				CLANG_WARN_INFINITE_RECURSION = YES;
				CLANG_WARN_INT_CONVERSION = YES;
				CLANG_WARN_NON_LITERAL_NULL_CONVERSION = YES;
				CLANG_WARN_OBJC_IMPLICIT_RETAIN_SELF = YES;
				CLANG_WARN_OBJC_LITERAL_CONVERSION = YES;
				CLANG_WARN_OBJC_ROOT_CLASS = YES_ERROR;
				CLANG_WARN_QUOTED_INCLUDE_IN_FRAMEWORK_HEADER = YES;
				CLANG_WARN_RANGE_LOOP_ANALYSIS = YES;
				CLANG_WARN_STRICT_PROTOTYPES = YES;
				CLANG_WARN_SUSPICIOUS_MOVE = YES;
				CLANG_WARN_UNGUARDED_AVAILABILITY = YES_AGGRESSIVE;
				CLANG_WARN_UNREACHABLE_CODE = YES;
				CLANG_WARN__DUPLICATE_METHOD_MATCH = YES;
				COPY_PHASE_STRIP = NO;
				DEBUG_INFORMATION_FORMAT = "dwarf-with-dsym";
				ENABLE_NS_ASSERTIONS = NO;
				ENABLE_STRICT_OBJC_MSGSEND = YES;
				GCC_C_LANGUAGE_STANDARD = gnu11;
				GCC_NO_COMMON_BLOCKS = YES;
				GCC_WARN_64_TO_32_BIT_CONVERSION = YES;
				GCC_WARN_ABOUT_RETURN_TYPE = YES_ERROR;
				GCC_WARN_UNDECLARED_SELECTOR = YES;
				GCC_WARN_UNINITIALIZED_AUTOS = YES_AGGRESSIVE;
				GCC_WARN_UNUSED_FUNCTION = YES;
				GCC_WARN_UNUSED_VARIABLE = YES;
				IPHONEOS_DEPLOYMENT_TARGET = 16.4;
				MTL_ENABLE_DEBUG_INFO = NO;
				MTL_FAST_MATH = YES;
				SDKROOT = iphoneos;
				SWIFT_COMPILATION_MODE = wholemodule;
				SWIFT_OPTIMIZATION_LEVEL = "-O";
				VALIDATE_PRODUCT = YES;
			};
			name = Release;
		};
		A11022CE2B060A44004CFCAD /* Debug */ = {
			isa = XCBuildConfiguration;
			buildSettings = {
				ASSETCATALOG_COMPILER_APPICON_NAME = AppIcon;
				ASSETCATALOG_COMPILER_GLOBAL_ACCENT_COLOR_NAME = AccentColor;
				CODE_SIGN_STYLE = Automatic;
				CURRENT_PROJECT_VERSION = 1;
				DEVELOPMENT_ASSET_PATHS = "\"beer-app/Preview Content\"";
				DEVELOPMENT_TEAM = K76XQHSPRP;
				ENABLE_PREVIEWS = YES;
				GENERATE_INFOPLIST_FILE = YES;
				INFOPLIST_KEY_UIApplicationSceneManifest_Generation = YES;
				INFOPLIST_KEY_UIApplicationSupportsIndirectInputEvents = YES;
				INFOPLIST_KEY_UILaunchScreen_Generation = YES;
				INFOPLIST_KEY_UISupportedInterfaceOrientations_iPad = "UIInterfaceOrientationPortrait UIInterfaceOrientationPortraitUpsideDown UIInterfaceOrientationLandscapeLeft UIInterfaceOrientationLandscapeRight";
				INFOPLIST_KEY_UISupportedInterfaceOrientations_iPhone = "UIInterfaceOrientationPortrait UIInterfaceOrientationLandscapeLeft UIInterfaceOrientationLandscapeRight";
				LD_RUNPATH_SEARCH_PATHS = (
					"$(inherited)",
					"@executable_path/Frameworks",
				);
				MARKETING_VERSION = 1.0;
				PRODUCT_BUNDLE_IDENTIFIER = "gerwin.lukman.beer-app";
				PRODUCT_NAME = "$(TARGET_NAME)";
				SWIFT_EMIT_LOC_STRINGS = YES;
				SWIFT_VERSION = 5.0;
				TARGETED_DEVICE_FAMILY = "1,2";
			};
			name = Debug;
		};
		A11022CF2B060A44004CFCAD /* Release */ = {
			isa = XCBuildConfiguration;
			buildSettings = {
				ASSETCATALOG_COMPILER_APPICON_NAME = AppIcon;
				ASSETCATALOG_COMPILER_GLOBAL_ACCENT_COLOR_NAME = AccentColor;
				CODE_SIGN_STYLE = Automatic;
				CURRENT_PROJECT_VERSION = 1;
				DEVELOPMENT_ASSET_PATHS = "\"beer-app/Preview Content\"";
				DEVELOPMENT_TEAM = K76XQHSPRP;
				ENABLE_PREVIEWS = YES;
				GENERATE_INFOPLIST_FILE = YES;
				INFOPLIST_KEY_UIApplicationSceneManifest_Generation = YES;
				INFOPLIST_KEY_UIApplicationSupportsIndirectInputEvents = YES;
				INFOPLIST_KEY_UILaunchScreen_Generation = YES;
				INFOPLIST_KEY_UISupportedInterfaceOrientations_iPad = "UIInterfaceOrientationPortrait UIInterfaceOrientationPortraitUpsideDown UIInterfaceOrientationLandscapeLeft UIInterfaceOrientationLandscapeRight";
				INFOPLIST_KEY_UISupportedInterfaceOrientations_iPhone = "UIInterfaceOrientationPortrait UIInterfaceOrientationLandscapeLeft UIInterfaceOrientationLandscapeRight";
				LD_RUNPATH_SEARCH_PATHS = (
					"$(inherited)",
					"@executable_path/Frameworks",
				);
				MARKETING_VERSION = 1.0;
				PRODUCT_BUNDLE_IDENTIFIER = "gerwin.lukman.beer-app";
				PRODUCT_NAME = "$(TARGET_NAME)";
				SWIFT_EMIT_LOC_STRINGS = YES;
				SWIFT_VERSION = 5.0;
				TARGETED_DEVICE_FAMILY = "1,2";
			};
			name = Release;
		};
/* End XCBuildConfiguration section */

/* Begin XCConfigurationList section */
		A11022BA2B060A43004CFCAD /* Build configuration list for PBXProject "beer-app" */ = {
			isa = XCConfigurationList;
			buildConfigurations = (
				A11022CB2B060A44004CFCAD /* Debug */,
				A11022CC2B060A44004CFCAD /* Release */,
			);
			defaultConfigurationIsVisible = 0;
			defaultConfigurationName = Release;
		};
		A11022CD2B060A44004CFCAD /* Build configuration list for PBXNativeTarget "beer-app" */ = {
			isa = XCConfigurationList;
			buildConfigurations = (
				A11022CE2B060A44004CFCAD /* Debug */,
				A11022CF2B060A44004CFCAD /* Release */,
			);
			defaultConfigurationIsVisible = 0;
			defaultConfigurationName = Release;
		};
/* End XCConfigurationList section */

/* Begin XCRemoteSwiftPackageReference section */
		A13169232B08402A003A4018 /* XCRemoteSwiftPackageReference "Defaults" */ = {
			isa = XCRemoteSwiftPackageReference;
			repositoryURL = "https://github.com/sindresorhus/Defaults.git";
			requirement = {
				kind = exactVersion;
				version = 7.3.1;
			};
		};
		A1EFD5852B0844C300116AE0 /* XCRemoteSwiftPackageReference "Kingfisher" */ = {
			isa = XCRemoteSwiftPackageReference;
			repositoryURL = "https://github.com/onevcat/Kingfisher.git";
			requirement = {
				kind = exactVersion;
				version = 7.10.0;
			};
		};
/* End XCRemoteSwiftPackageReference section */

/* Begin XCSwiftPackageProductDependency section */
		A13169242B08402A003A4018 /* Defaults */ = {
			isa = XCSwiftPackageProductDependency;
			package = A13169232B08402A003A4018 /* XCRemoteSwiftPackageReference "Defaults" */;
			productName = Defaults;
		};
		A1EFD5862B0844C300116AE0 /* Kingfisher */ = {
			isa = XCSwiftPackageProductDependency;
			package = A1EFD5852B0844C300116AE0 /* XCRemoteSwiftPackageReference "Kingfisher" */;
			productName = Kingfisher;
		};
/* End XCSwiftPackageProductDependency section */
	};
	rootObject = A11022B72B060A43004CFCAD /* Project object */;
}
